
Microsoft Visual Studio Solution File, Format Version 12.00
# Visual Studio Version 17
VisualStudioVersion = 17.3.32929.385
MinimumVisualStudioVersion = 10.0.40219.1
Project("{9A19103F-16F7-4668-BE54-9A1E7A4F7556}") = "TravelPal", "TravelPal\TravelPal.csproj", "{39E22774-0388-4461-B2FD-08DBEFCCA35B}"
EndProject
Global
	GlobalSection(SolutionConfigurationPlatforms) = preSolution
		Debug|Any CPU = Debug|Any CPU
		Release|Any CPU = Release|Any CPU
	EndGlobalSection
	GlobalSection(ProjectConfigurationPlatforms) = postSolution
		{39E22774-0388-4461-B2FD-08DBEFCCA35B}.Debug|Any CPU.ActiveCfg = Debug|Any CPU
		{39E22774-0388-4461-B2FD-08DBEFCCA35B}.Debug|Any CPU.Build.0 = Debug|Any CPU
		{39E22774-0388-4461-B2FD-08DBEFCCA35B}.Release|Any CPU.ActiveCfg = Release|Any CPU
		{39E22774-0388-4461-B2FD-08DBEFCCA35B}.Release|Any CPU.Build.0 = Release|Any CPU
	EndGlobalSection
	GlobalSection(SolutionProperties) = preSolution
		HideSolutionNode = FALSE
	EndGlobalSection
	GlobalSection(ExtensibilityGlobals) = postSolution
		SolutionGuid = {D5240378-247E-4981-8BF4-371C0A919032}
	EndGlobalSection
EndGlobal
